
Microsoft Visual Studio Solution File, Format Version 12.00
# Visual Studio Version 17
VisualStudioVersion = 17.7.34024.191
MinimumVisualStudioVersion = 10.0.40219.1
Project("{9A19103F-16F7-4668-BE54-9A1E7A4F7556}") = "CalculatorConsoleApp", "CalculatorConsoleApp\CalculatorConsoleApp.csproj", "{B78B98DD-55F7-447D-AA76-4FD410FBCFF3}"
EndProject
Project("{FAE04EC0-301F-11D3-BF4B-00C04F79EFBC}") = "CalculatorWindowApp", "CalculatorWindowApp\CalculatorWindowApp.csproj", "{F85E8E07-6B6A-4561-8447-32F72D0570A4}"
EndProject
Project("{FAE04EC0-301F-11D3-BF4B-00C04F79EFBC}") = "CalculatorMachine", "CalculatorMachine\CalculatorMachine.csproj", "{8D0CBD7F-BB68-4D29-BE71-2EA57A4DBDD0}"
EndProject
Project("{FAE04EC0-301F-11D3-BF4B-00C04F79EFBC}") = "CalculatorConsoleTest", "CalculatorConsoleTest\CalculatorConsoleTest.csproj", "{7DB32C19-19BC-4E9A-80AB-0B14076EF84C}"
EndProject
Project("{FAE04EC0-301F-11D3-BF4B-00C04F79EFBC}") = "CalculatorUnitTest", "CalculatorUnitTest\CalculatorUnitTest.csproj", "{B33977E1-6013-4986-815D-287D38C2C9CF}"
EndProject
Global
	GlobalSection(SolutionConfigurationPlatforms) = preSolution
		Debug|Any CPU = Debug|Any CPU
		Release|Any CPU = Release|Any CPU
	EndGlobalSection
	GlobalSection(ProjectConfigurationPlatforms) = postSolution
		{B78B98DD-55F7-447D-AA76-4FD410FBCFF3}.Debug|Any CPU.ActiveCfg = Debug|Any CPU
		{B78B98DD-55F7-447D-AA76-4FD410FBCFF3}.Debug|Any CPU.Build.0 = Debug|Any CPU
		{B78B98DD-55F7-447D-AA76-4FD410FBCFF3}.Release|Any CPU.ActiveCfg = Release|Any CPU
		{B78B98DD-55F7-447D-AA76-4FD410FBCFF3}.Release|Any CPU.Build.0 = Release|Any CPU
		{F85E8E07-6B6A-4561-8447-32F72D0570A4}.Debug|Any CPU.ActiveCfg = Debug|Any CPU
		{F85E8E07-6B6A-4561-8447-32F72D0570A4}.Debug|Any CPU.Build.0 = Debug|Any CPU
		{F85E8E07-6B6A-4561-8447-32F72D0570A4}.Release|Any CPU.ActiveCfg = Release|Any CPU
		{F85E8E07-6B6A-4561-8447-32F72D0570A4}.Release|Any CPU.Build.0 = Release|Any CPU
		{8D0CBD7F-BB68-4D29-BE71-2EA57A4DBDD0}.Debug|Any CPU.ActiveCfg = Debug|Any CPU
		{8D0CBD7F-BB68-4D29-BE71-2EA57A4DBDD0}.Debug|Any CPU.Build.0 = Debug|Any CPU
		{8D0CBD7F-BB68-4D29-BE71-2EA57A4DBDD0}.Release|Any CPU.ActiveCfg = Release|Any CPU
		{8D0CBD7F-BB68-4D29-BE71-2EA57A4DBDD0}.Release|Any CPU.Build.0 = Release|Any CPU
		{7DB32C19-19BC-4E9A-80AB-0B14076EF84C}.Debug|Any CPU.ActiveCfg = Debug|Any CPU
		{7DB32C19-19BC-4E9A-80AB-0B14076EF84C}.Debug|Any CPU.Build.0 = Debug|Any CPU
		{7DB32C19-19BC-4E9A-80AB-0B14076EF84C}.Release|Any CPU.ActiveCfg = Release|Any CPU
		{7DB32C19-19BC-4E9A-80AB-0B14076EF84C}.Release|Any CPU.Build.0 = Release|Any CPU
		{B33977E1-6013-4986-815D-287D38C2C9CF}.Debug|Any CPU.ActiveCfg = Debug|Any CPU
		{B33977E1-6013-4986-815D-287D38C2C9CF}.Debug|Any CPU.Build.0 = Debug|Any CPU
		{B33977E1-6013-4986-815D-287D38C2C9CF}.Release|Any CPU.ActiveCfg = Release|Any CPU
		{B33977E1-6013-4986-815D-287D38C2C9CF}.Release|Any CPU.Build.0 = Release|Any CPU
	EndGlobalSection
	GlobalSection(SolutionProperties) = preSolution
		HideSolutionNode = FALSE
	EndGlobalSection
	GlobalSection(ExtensibilityGlobals) = postSolution
		SolutionGuid = {54DECD11-F399-4490-A19C-5D91C6F968AE}
	EndGlobalSection
EndGlobal
